# Code generated by scarb DO NOT EDIT.
version = 1

[[package]]
name = "contract_scripts"
version = "0.1.0"
dependencies = [
 "contracts",
 "sncast_std",
]

[[package]]
name = "contracts"
version = "0.1.0"
dependencies = [
 "openzeppelin",
 "snforge_std",
]

[[package]]
name = "openzeppelin"
version = "0.11.0"
source = "git+https://github.com/OpenZeppelin/cairo-contracts.git?tag=v0.11.0#a83f36b23f1af6e160288962be4a2701c3ecbcda"

[[package]]
name = "sncast_std"
version = "0.20.1"
source = "git+https://github.com/foundry-rs/starknet-foundry?tag=v0.20.1#fea2db8f2b20148cc15ee34b08de12028eb42942"

[[package]]
name = "snforge_std"
version = "0.20.1"
source = "git+https://github.com/foundry-rs/starknet-foundry?tag=v0.20.1#fea2db8f2b20148cc15ee34b08de12028eb42942"
