# Code generated by scarb DO NOT EDIT.
version = 1

[[package]]
name = "alexandria_data_structures"
version = "0.2.0"
source = "git+https://github.com/keep-starknet-strange/alexandria.git#11a155f7897294105e2c99a95bf3efeabfd2d014"
dependencies = [
 "alexandria_encoding",
]

[[package]]
name = "alexandria_encoding"
version = "0.1.0"
source = "git+https://github.com/keep-starknet-strange/alexandria.git#11a155f7897294105e2c99a95bf3efeabfd2d014"
dependencies = [
 "alexandria_math",
 "alexandria_numeric",
]

[[package]]
name = "alexandria_math"
version = "0.2.0"
source = "git+https://github.com/keep-starknet-strange/alexandria.git#11a155f7897294105e2c99a95bf3efeabfd2d014"
dependencies = [
 "alexandria_data_structures",
]

[[package]]
name = "alexandria_numeric"
version = "0.1.0"
source = "git+https://github.com/keep-starknet-strange/alexandria.git#11a155f7897294105e2c99a95bf3efeabfd2d014"
dependencies = [
 "alexandria_math",
]

[[package]]
name = "contracts"
version = "0.1.0"
dependencies = [
 "alexandria_math",
 "openzeppelin",
 "snforge_std",
]

[[package]]
name = "openzeppelin"
version = "0.8.0"
source = "git+https://github.com/OpenZeppelin/cairo-contracts.git#441e6ce76ade91817068e4d4c5168dbd3ed20375"

[[package]]
name = "snforge_std"
version = "0.1.0"
source = "git+https://github.com/foundry-rs/starknet-foundry?tag=v0.11.0#5465c41541c44a7804d16318fab45a2f0ccec9e7"
