# Code generated by scarb DO NOT EDIT.
version = 1

[[package]]
name = "burner"
version = "0.1.0"
dependencies = [
 "snforge_std",
]

[[package]]
name = "snforge_std"
version = "0.18.0"
source = "git+https://github.com/foundry-rs/starknet-foundry.git?tag=v0.18.0#48f909a56b08cbdc5ca6a21a836b0fbc6c36d55b"
